
Microsoft Visual Studio Solution File, Format Version 12.00
# Visual Studio Version 16
VisualStudioVersion = 16.0.33214.272
MinimumVisualStudioVersion = 10.0.40219.1
Project("{FAE04EC0-301F-11D3-BF4B-00C04F79EFBC}") = "serial_datalogger", "serial_datalogger\serial_datalogger.csproj", "{4EEEF22F-4736-44A3-9EFE-5A326B5E013E}"
EndProject
Global
	GlobalSection(SolutionConfigurationPlatforms) = preSolution
		Debug|Any CPU = Debug|Any CPU
		Release|Any CPU = Release|Any CPU
	EndGlobalSection
	GlobalSection(ProjectConfigurationPlatforms) = postSolution
		{4EEEF22F-4736-44A3-9EFE-5A326B5E013E}.Debug|Any CPU.ActiveCfg = Debug|Any CPU
		{4EEEF22F-4736-44A3-9EFE-5A326B5E013E}.Debug|Any CPU.Build.0 = Debug|Any CPU
		{4EEEF22F-4736-44A3-9EFE-5A326B5E013E}.Release|Any CPU.ActiveCfg = Release|Any CPU
		{4EEEF22F-4736-44A3-9EFE-5A326B5E013E}.Release|Any CPU.Build.0 = Release|Any CPU
	EndGlobalSection
	GlobalSection(SolutionProperties) = preSolution
		HideSolutionNode = FALSE
	EndGlobalSection
	GlobalSection(ExtensibilityGlobals) = postSolution
		SolutionGuid = {984F23F9-B88F-45DE-B6A2-AC3E170EBA7D}
	EndGlobalSection
EndGlobal
